
Microsoft Visual Studio Solution File, Format Version 12.00
# Visual Studio Version 16
VisualStudioVersion = 16.0.30517.126
MinimumVisualStudioVersion = 10.0.40219.1
Project("{FAE04EC0-301F-11D3-BF4B-00C04F79EFBC}") = "directoriesandfiles", "directoriesandfiles\directoriesandfiles.csproj", "{FD1F725D-D0FD-4117-9B7E-841E0556DF3D}"
EndProject
Project("{FAE04EC0-301F-11D3-BF4B-00C04F79EFBC}") = "writefilesanddirectories", "writefilesanddirectories\writefilesanddirectories.csproj", "{8AC2522F-0FF9-41EF-A2FE-01A62D662713}"
EndProject
Global
	GlobalSection(SolutionConfigurationPlatforms) = preSolution
		Debug|Any CPU = Debug|Any CPU
		Release|Any CPU = Release|Any CPU
	EndGlobalSection
	GlobalSection(ProjectConfigurationPlatforms) = postSolution
		{FD1F725D-D0FD-4117-9B7E-841E0556DF3D}.Debug|Any CPU.ActiveCfg = Debug|Any CPU
		{FD1F725D-D0FD-4117-9B7E-841E0556DF3D}.Debug|Any CPU.Build.0 = Debug|Any CPU
		{FD1F725D-D0FD-4117-9B7E-841E0556DF3D}.Release|Any CPU.ActiveCfg = Release|Any CPU
		{FD1F725D-D0FD-4117-9B7E-841E0556DF3D}.Release|Any CPU.Build.0 = Release|Any CPU
		{8AC2522F-0FF9-41EF-A2FE-01A62D662713}.Debug|Any CPU.ActiveCfg = Debug|Any CPU
		{8AC2522F-0FF9-41EF-A2FE-01A62D662713}.Debug|Any CPU.Build.0 = Debug|Any CPU
		{8AC2522F-0FF9-41EF-A2FE-01A62D662713}.Release|Any CPU.ActiveCfg = Release|Any CPU
		{8AC2522F-0FF9-41EF-A2FE-01A62D662713}.Release|Any CPU.Build.0 = Release|Any CPU
	EndGlobalSection
	GlobalSection(SolutionProperties) = preSolution
		HideSolutionNode = FALSE
	EndGlobalSection
	GlobalSection(ExtensibilityGlobals) = postSolution
		SolutionGuid = {14083B76-28EE-471A-B297-19F1CF1867D1}
	EndGlobalSection
EndGlobal
